
Microsoft Visual Studio Solution File, Format Version 12.00
# Visual Studio Version 16
VisualStudioVersion = 16.0.31729.503
MinimumVisualStudioVersion = 10.0.40219.1
Project("{9A19103F-16F7-4668-BE54-9A1E7A4F7556}") = "russu_vlad_MAP_labs", "russu_vlad_MAP_labs\russu_vlad_MAP_labs.csproj", "{C492AB4B-94FC-4292-A8A5-00DEF55CBE76}"
EndProject
Project("{FAE04EC0-301F-11D3-BF4B-00C04F79EFBC}") = "LibraryModel", "LibraryModel\LibraryModel.csproj", "{935646BC-8C7F-4C62-952F-DC9D18471F0A}"
EndProject
Project("{FAE04EC0-301F-11D3-BF4B-00C04F79EFBC}") = "LibraryWebAPI", "LibraryWebAPI\LibraryWebAPI.csproj", "{54E85144-A01B-42EF-8F6F-564E3B196C83}"
EndProject
Global
	GlobalSection(SolutionConfigurationPlatforms) = preSolution
		Debug|Any CPU = Debug|Any CPU
		Release|Any CPU = Release|Any CPU
	EndGlobalSection
	GlobalSection(ProjectConfigurationPlatforms) = postSolution
		{C492AB4B-94FC-4292-A8A5-00DEF55CBE76}.Debug|Any CPU.ActiveCfg = Debug|Any CPU
		{C492AB4B-94FC-4292-A8A5-00DEF55CBE76}.Debug|Any CPU.Build.0 = Debug|Any CPU
		{C492AB4B-94FC-4292-A8A5-00DEF55CBE76}.Release|Any CPU.ActiveCfg = Release|Any CPU
		{C492AB4B-94FC-4292-A8A5-00DEF55CBE76}.Release|Any CPU.Build.0 = Release|Any CPU
		{935646BC-8C7F-4C62-952F-DC9D18471F0A}.Debug|Any CPU.ActiveCfg = Debug|Any CPU
		{935646BC-8C7F-4C62-952F-DC9D18471F0A}.Debug|Any CPU.Build.0 = Debug|Any CPU
		{935646BC-8C7F-4C62-952F-DC9D18471F0A}.Release|Any CPU.ActiveCfg = Release|Any CPU
		{935646BC-8C7F-4C62-952F-DC9D18471F0A}.Release|Any CPU.Build.0 = Release|Any CPU
		{54E85144-A01B-42EF-8F6F-564E3B196C83}.Debug|Any CPU.ActiveCfg = Debug|Any CPU
		{54E85144-A01B-42EF-8F6F-564E3B196C83}.Debug|Any CPU.Build.0 = Debug|Any CPU
		{54E85144-A01B-42EF-8F6F-564E3B196C83}.Release|Any CPU.ActiveCfg = Release|Any CPU
		{54E85144-A01B-42EF-8F6F-564E3B196C83}.Release|Any CPU.Build.0 = Release|Any CPU
	EndGlobalSection
	GlobalSection(SolutionProperties) = preSolution
		HideSolutionNode = FALSE
	EndGlobalSection
	GlobalSection(ExtensibilityGlobals) = postSolution
		SolutionGuid = {944362C9-25F5-4FB6-8038-8AE8232DA297}
	EndGlobalSection
EndGlobal
